
Microsoft Visual Studio Solution File, Format Version 12.00
# Visual Studio 15
VisualStudioVersion = 15.0.28307.136
MinimumVisualStudioVersion = 10.0.40219.1
Project("{888888A0-9F3D-457C-B088-3A5042F75D52}") = "PasswordGenerator", "PasswordGenerator\PasswordGenerator.pyproj", "{2B91BDC9-5680-4B15-8941-4BE50F247C04}"
EndProject
Global
	GlobalSection(SolutionConfigurationPlatforms) = preSolution
		Debug|Any CPU = Debug|Any CPU
		Release|Any CPU = Release|Any CPU
	EndGlobalSection
	GlobalSection(ProjectConfigurationPlatforms) = postSolution
		{2B91BDC9-5680-4B15-8941-4BE50F247C04}.Debug|Any CPU.ActiveCfg = Debug|Any CPU
		{2B91BDC9-5680-4B15-8941-4BE50F247C04}.Release|Any CPU.ActiveCfg = Release|Any CPU
	EndGlobalSection
	GlobalSection(SolutionProperties) = preSolution
		HideSolutionNode = FALSE
	EndGlobalSection
	GlobalSection(ExtensibilityGlobals) = postSolution
		SolutionGuid = {28C516FB-EA73-4038-8AD8-A45C76DE5CFE}
	EndGlobalSection
EndGlobal
